// !$*UTF8*$!
{
	archiveVersion = 1;
	classes = {
	};
	objectVersion = 46;
	objects = {

/* Begin PBXBuildFile section */
		636436471DEF14B600F0BE88 /* AppDelegate.swift in Sources */ = {isa = PBXBuildFile; fileRef = 636436461DEF14B600F0BE88 /* AppDelegate.swift */; };
		636436491DEF14B600F0BE88 /* ViewController.swift in Sources */ = {isa = PBXBuildFile; fileRef = 636436481DEF14B600F0BE88 /* ViewController.swift */; };
		6364364C1DEF14B600F0BE88 /* Main.storyboard in Resources */ = {isa = PBXBuildFile; fileRef = 6364364A1DEF14B600F0BE88 /* Main.storyboard */; };
		6364364E1DEF14B600F0BE88 /* Assets.xcassets in Resources */ = {isa = PBXBuildFile; fileRef = 6364364D1DEF14B600F0BE88 /* Assets.xcassets */; };
		636436511DEF14B600F0BE88 /* LaunchScreen.storyboard in Resources */ = {isa = PBXBuildFile; fileRef = 6364364F1DEF14B600F0BE88 /* LaunchScreen.storyboard */; };
/* End PBXBuildFile section */

/* Begin PBXFileReference section */
		636436431DEF14B600F0BE88 /* missingPersons.app */ = {isa = PBXFileReference; explicitFileType = wrapper.application; includeInIndex = 0; path = missingPersons.app; sourceTree = BUILT_PRODUCTS_DIR; };
		636436461DEF14B600F0BE88 /* AppDelegate.swift */ = {isa = PBXFileReference; lastKnownFileType = sourcecode.swift; path = AppDelegate.swift; sourceTree = "<group>"; };
		636436481DEF14B600F0BE88 /* ViewController.swift */ = {isa = PBXFileReference; lastKnownFileType = sourcecode.swift; path = ViewController.swift; sourceTree = "<group>"; };
		6364364B1DEF14B600F0BE88 /* Base */ = {isa = PBXFileReference; lastKnownFileType = file.storyboard; name = Base; path = Base.lproj/Main.storyboard; sourceTree = "<group>"; };
		6364364D1DEF14B600F0BE88 /* Assets.xcassets */ = {isa = PBXFileReference; lastKnownFileType = folder.assetcatalog; path = Assets.xcassets; sourceTree = "<group>"; };
		636436501DEF14B600F0BE88 /* Base */ = {isa = PBXFileReference; lastKnownFileType = file.storyboard; name = Base; path = Base.lproj/LaunchScreen.storyboard; sourceTree = "<group>"; };
		636436521DEF14B600F0BE88 /* Info.plist */ = {isa = PBXFileReference; lastKnownFileType = text.plist.xml; path = Info.plist; sourceTree = "<group>"; };
/* End PBXFileReference section */

/* Begin PBXFrameworksBuildPhase section */
		636436401DEF14B600F0BE88 /* Frameworks */ = {
			isa = PBXFrameworksBuildPhase;
			buildActionMask = 2147483647;
			files = (
			);
			runOnlyForDeploymentPostprocessing = 0;
		};
/* End PBXFrameworksBuildPhase section */

/* Begin PBXGroup section */
		6364363A1DEF14B500F0BE88 = {
			isa = PBXGroup;
			children = (
				636436451DEF14B600F0BE88 /* missingPersons */,
				636436441DEF14B600F0BE88 /* Products */,
			);
			sourceTree = "<group>";
		};
		636436441DEF14B600F0BE88 /* Products */ = {
			isa = PBXGroup;
			children = (
				636436431DEF14B600F0BE88 /* missingPersons.app */,
			);
			name = Products;
			sourceTree = "<group>";
		};
		636436451DEF14B600F0BE88 /* missingPersons */ = {
			isa = PBXGroup;
			children = (
				636436461DEF14B600F0BE88 /* AppDelegate.swift */,
				636436481DEF14B600F0BE88 /* ViewController.swift */,
				6364364A1DEF14B600F0BE88 /* Main.storyboard */,
				6364364D1DEF14B600F0BE88 /* Assets.xcassets */,
				6364364F1DEF14B600F0BE88 /* LaunchScreen.storyboard */,
				636436521DEF14B600F0BE88 /* Info.plist */,
			);
			path = missingPersons;
			sourceTree = "<group>";
		};
/* End PBXGroup section */

/* Begin PBXNativeTarget section */
		636436421DEF14B600F0BE88 /* missingPersons */ = {
			isa = PBXNativeTarget;
			buildConfigurationList = 636436551DEF14B600F0BE88 /* Build configuration list for PBXNativeTarget "missingPersons" */;
			buildPhases = (
				6364363F1DEF14B600F0BE88 /* Sources */,
				636436401DEF14B600F0BE88 /* Frameworks */,
				636436411DEF14B600F0BE88 /* Resources */,
			);
			buildRules = (
			);
			dependencies = (
			);
			name = missingPersons;
			productName = missingPersons;
			productReference = 636436431DEF14B600F0BE88 /* missingPersons.app */;
			productType = "com.apple.product-type.application";
		};
/* End PBXNativeTarget section */

/* Begin PBXProject section */
		6364363B1DEF14B500F0BE88 /* Project object */ = {
			isa = PBXProject;
			attributes = {
				LastSwiftUpdateCheck = 0730;
				LastUpgradeCheck = 0730;
				ORGANIZATIONNAME = "Emre Dogan";
				TargetAttributes = {
					636436421DEF14B600F0BE88 = {
						CreatedOnToolsVersion = 7.3;
					};
				};
			};
			buildConfigurationList = 6364363E1DEF14B500F0BE88 /* Build configuration list for PBXProject "missingPersons" */;
			compatibilityVersion = "Xcode 3.2";
			developmentRegion = English;
			hasScannedForEncodings = 0;
			knownRegions = (
				en,
				Base,
			);
			mainGroup = 6364363A1DEF14B500F0BE88;
			productRefGroup = 636436441DEF14B600F0BE88 /* Products */;
			projectDirPath = "";
			projectRoot = "";
			targets = (
				636436421DEF14B600F0BE88 /* missingPersons */,
			);
		};
/* End PBXProject section */

/* Begin PBXResourcesBuildPhase section */
		636436411DEF14B600F0BE88 /* Resources */ = {
			isa = PBXResourcesBuildPhase;
			buildActionMask = 2147483647;
			files = (
				636436511DEF14B600F0BE88 /* LaunchScreen.storyboard in Resources */,
				6364364E1DEF14B600F0BE88 /* Assets.xcassets in Resources */,
				6364364C1DEF14B600F0BE88 /* Main.storyboard in Resources */,
			);
			runOnlyForDeploymentPostprocessing = 0;
		};
/* End PBXResourcesBuildPhase section */

/* Begin PBXSourcesBuildPhase section */
		6364363F1DEF14B600F0BE88 /* Sources */ = {
			isa = PBXSourcesBuildPhase;
			buildActionMask = 2147483647;
			files = (
				636436491DEF14B600F0BE88 /* ViewController.swift in Sources */,
				636436471DEF14B600F0BE88 /* AppDelegate.swift in Sources */,
			);
			runOnlyForDeploymentPostprocessing = 0;
		};
/* End PBXSourcesBuildPhase section */

/* Begin PBXVariantGroup section */
		6364364A1DEF14B600F0BE88 /* Main.storyboard */ = {
			isa = PBXVariantGroup;
			children = (
				6364364B1DEF14B600F0BE88 /* Base */,
			);
			name = Main.storyboard;
			sourceTree = "<group>";
		};
		6364364F1DEF14B600F0BE88 /* LaunchScreen.storyboard */ = {
			isa = PBXVariantGroup;
			children = (
				636436501DEF14B600F0BE88 /* Base */,
			);
			name = LaunchScreen.storyboard;
			sourceTree = "<group>";
		};
/* End PBXVariantGroup section */

/* Begin XCBuildConfiguration section */
		636436531DEF14B600F0BE88 /* Debug */ = {
			isa = XCBuildConfiguration;
			buildSettings = {
				ALWAYS_SEARCH_USER_PATHS = NO;
				CLANG_ANALYZER_NONNULL = YES;
				CLANG_CXX_LANGUAGE_STANDARD = "gnu++0x";
				CLANG_CXX_LIBRARY = "libc++";
				CLANG_ENABLE_MODULES = YES;
				CLANG_ENABLE_OBJC_ARC = YES;
				CLANG_WARN_BOOL_CONVERSION = YES;
				CLANG_WARN_CONSTANT_CONVERSION = YES;
				CLANG_WARN_DIRECT_OBJC_ISA_USAGE = YES_ERROR;
				CLANG_WARN_EMPTY_BODY = YES;
				CLANG_WARN_ENUM_CONVERSION = YES;
				CLANG_WARN_INT_CONVERSION = YES;
				CLANG_WARN_OBJC_ROOT_CLASS = YES_ERROR;
				CLANG_WARN_UNREACHABLE_CODE = YES;
				CLANG_WARN__DUPLICATE_METHOD_MATCH = YES;
				"CODE_SIGN_IDENTITY[sdk=iphoneos*]" = "iPhone Developer";
				COPY_PHASE_STRIP = NO;
				DEBUG_INFORMATION_FORMAT = dwarf;
				ENABLE_STRICT_OBJC_MSGSEND = YES;
				ENABLE_TESTABILITY = YES;
				GCC_C_LANGUAGE_STANDARD = gnu99;
				GCC_DYNAMIC_NO_PIC = NO;
				GCC_NO_COMMON_BLOCKS = YES;
				GCC_OPTIMIZATION_LEVEL = 0;
				GCC_PREPROCESSOR_DEFINITIONS = (
					"DEBUG=1",
					"$(inherited)",
				);
				GCC_WARN_64_TO_32_BIT_CONVERSION = YES;
				GCC_WARN_ABOUT_RETURN_TYPE = YES_ERROR;
				GCC_WARN_UNDECLARED_SELECTOR = YES;
				GCC_WARN_UNINITIALIZED_AUTOS = YES_AGGRESSIVE;
				GCC_WARN_UNUSED_FUNCTION = YES;
				GCC_WARN_UNUSED_VARIABLE = YES;
				IPHONEOS_DEPLOYMENT_TARGET = 9.3;
				MTL_ENABLE_DEBUG_INFO = YES;
				ONLY_ACTIVE_ARCH = YES;
				SDKROOT = iphoneos;
				SWIFT_OPTIMIZATION_LEVEL = "-Onone";
				TARGETED_DEVICE_FAMILY = "1,2";
			};
			name = Debug;
		};
		636436541DEF14B600F0BE88 /* Release */ = {
			isa = XCBuildConfiguration;
			buildSettings = {
				ALWAYS_SEARCH_USER_PATHS = NO;
				CLANG_ANALYZER_NONNULL = YES;
				CLANG_CXX_LANGUAGE_STANDARD = "gnu++0x";
				CLANG_CXX_LIBRARY = "libc++";
				CLANG_ENABLE_MODULES = YES;
				CLANG_ENABLE_OBJC_ARC = YES;
				CLANG_WARN_BOOL_CONVERSION = YES;
				CLANG_WARN_CONSTANT_CONVERSION = YES;
				CLANG_WARN_DIRECT_OBJC_ISA_USAGE = YES_ERROR;
				CLANG_WARN_EMPTY_BODY = YES;
				CLANG_WARN_ENUM_CONVERSION = YES;
				CLANG_WARN_INT_CONVERSION = YES;
				CLANG_WARN_OBJC_ROOT_CLASS = YES_ERROR;
				CLANG_WARN_UNREACHABLE_CODE = YES;
				CLANG_WARN__DUPLICATE_METHOD_MATCH = YES;
				"CODE_SIGN_IDENTITY[sdk=iphoneos*]" = "iPhone Developer";
				COPY_PHASE_STRIP = NO;
				DEBUG_INFORMATION_FORMAT = "dwarf-with-dsym";
				ENABLE_NS_ASSERTIONS = NO;
				ENABLE_STRICT_OBJC_MSGSEND = YES;
				GCC_C_LANGUAGE_STANDARD = gnu99;
				GCC_NO_COMMON_BLOCKS = YES;
				GCC_WARN_64_TO_32_BIT_CONVERSION = YES;
				GCC_WARN_ABOUT_RETURN_TYPE = YES_ERROR;
				GCC_WARN_UNDECLARED_SELECTOR = YES;
				GCC_WARN_UNINITIALIZED_AUTOS = YES_AGGRESSIVE;
				GCC_WARN_UNUSED_FUNCTION = YES;
				GCC_WARN_UNUSED_VARIABLE = YES;
				IPHONEOS_DEPLOYMENT_TARGET = 9.3;
				MTL_ENABLE_DEBUG_INFO = NO;
				SDKROOT = iphoneos;
				TARGETED_DEVICE_FAMILY = "1,2";
				VALIDATE_PRODUCT = YES;
			};
			name = Release;
		};
		636436561DEF14B600F0BE88 /* Debug */ = {
			isa = XCBuildConfiguration;
			buildSettings = {
				ASSETCATALOG_COMPILER_APPICON_NAME = AppIcon;
				INFOPLIST_FILE = missingPersons/Info.plist;
				LD_RUNPATH_SEARCH_PATHS = "$(inherited) @executable_path/Frameworks";
				PRODUCT_BUNDLE_IDENTIFIER = simpleapps.missingPersons;
				PRODUCT_NAME = "$(TARGET_NAME)";
			};
			name = Debug;
		};
		636436571DEF14B600F0BE88 /* Release */ = {
			isa = XCBuildConfiguration;
			buildSettings = {
				ASSETCATALOG_COMPILER_APPICON_NAME = AppIcon;
				INFOPLIST_FILE = missingPersons/Info.plist;
				LD_RUNPATH_SEARCH_PATHS = "$(inherited) @executable_path/Frameworks";
				PRODUCT_BUNDLE_IDENTIFIER = simpleapps.missingPersons;
				PRODUCT_NAME = "$(TARGET_NAME)";
			};
			name = Release;
		};
/* End XCBuildConfiguration section */

/* Begin XCConfigurationList section */
		6364363E1DEF14B500F0BE88 /* Build configuration list for PBXProject "missingPersons" */ = {
			isa = XCConfigurationList;
			buildConfigurations = (
				636436531DEF14B600F0BE88 /* Debug */,
				636436541DEF14B600F0BE88 /* Release */,
			);
			defaultConfigurationIsVisible = 0;
			defaultConfigurationName = Release;
		};
		636436551DEF14B600F0BE88 /* Build configuration list for PBXNativeTarget "missingPersons" */ = {
			isa = XCConfigurationList;
			buildConfigurations = (
				636436561DEF14B600F0BE88 /* Debug */,
				636436571DEF14B600F0BE88 /* Release */,
			);
			defaultConfigurationIsVisible = 0;
		};
/* End XCConfigurationList section */
	};
	rootObject = 6364363B1DEF14B500F0BE88 /* Project object */;
}
